// !$*UTF8*$!
{
	archiveVersion = 1;
	classes = {
	};
	objectVersion = 46;
	objects = {

/* Begin PBXBuildFile section */
		2338D0BF16EB3DEE00CAC20E /* AVFoundation.framework in Frameworks */ = {isa = PBXBuildFile; fileRef = 2338D0BE16EB3DEE00CAC20E /* AVFoundation.framework */; };
		2338D0C116EB3DF600CAC20E /* AudioToolbox.framework in Frameworks */ = {isa = PBXBuildFile; fileRef = 2338D0C016EB3DF600CAC20E /* AudioToolbox.framework */; };
		2338D0C316EB3DFD00CAC20E /* CoreMedia.framework in Frameworks */ = {isa = PBXBuildFile; fileRef = 2338D0C216EB3DFD00CAC20E /* CoreMedia.framework */; };
		2338D0C516EB3E0300CAC20E /* CoreVideo.framework in Frameworks */ = {isa = PBXBuildFile; fileRef = 2338D0C416EB3E0300CAC20E /* CoreVideo.framework */; };
		2338D0C716EB3E0B00CAC20E /* libxml2.dylib in Frameworks */ = {isa = PBXBuildFile; fileRef = 2338D0C616EB3E0B00CAC20E /* libxml2.dylib */; };
		2338D0C916EB3E1200CAC20E /* MessageUI.framework in Frameworks */ = {isa = PBXBuildFile; fileRef = 2338D0C816EB3E1200CAC20E /* MessageUI.framework */; };
		2338D0CB16EB3E1B00CAC20E /* MobileCoreServices.framework in Frameworks */ = {isa = PBXBuildFile; fileRef = 2338D0CA16EB3E1B00CAC20E /* MobileCoreServices.framework */; };
		2338D0CD16EB3E2400CAC20E /* OpenGLES.framework in Frameworks */ = {isa = PBXBuildFile; fileRef = 2338D0CC16EB3E2400CAC20E /* OpenGLES.framework */; };
		2338D0CF16EB3E2C00CAC20E /* QuartzCore.framework in Frameworks */ = {isa = PBXBuildFile; fileRef = 2338D0CE16EB3E2C00CAC20E /* QuartzCore.framework */; };
		2338D0D116EB3E3200CAC20E /* Security.framework in Frameworks */ = {isa = PBXBuildFile; fileRef = 2338D0D016EB3E3200CAC20E /* Security.framework */; };
		2338D0D716EB4CDB00CAC20E /* PBPayPalViewController.m in Sources */ = {isa = PBXBuildFile; fileRef = 2338D0D616EB4CDB00CAC20E /* PBPayPalViewController.m */; };
		2350D17516EA997600C97F42 /* UIKit.framework in Frameworks */ = {isa = PBXBuildFile; fileRef = 2350D17416EA997600C97F42 /* UIKit.framework */; };
		2350D17716EA997600C97F42 /* Foundation.framework in Frameworks */ = {isa = PBXBuildFile; fileRef = 2350D17616EA997600C97F42 /* Foundation.framework */; };
		2350D17916EA997600C97F42 /* CoreGraphics.framework in Frameworks */ = {isa = PBXBuildFile; fileRef = 2350D17816EA997600C97F42 /* CoreGraphics.framework */; };
		2350D17F16EA997600C97F42 /* InfoPlist.strings in Resources */ = {isa = PBXBuildFile; fileRef = 2350D17D16EA997600C97F42 /* InfoPlist.strings */; };
		2350D18116EA997600C97F42 /* main.m in Sources */ = {isa = PBXBuildFile; fileRef = 2350D18016EA997600C97F42 /* main.m */; };
		2350D18516EA997600C97F42 /* PBAppDelegate.m in Sources */ = {isa = PBXBuildFile; fileRef = 2350D18416EA997600C97F42 /* PBAppDelegate.m */; };
		2350D18716EA997600C97F42 /* Default.png in Resources */ = {isa = PBXBuildFile; fileRef = 2350D18616EA997600C97F42 /* Default.png */; };
		2350D18916EA997600C97F42 /* Default@2x.png in Resources */ = {isa = PBXBuildFile; fileRef = 2350D18816EA997600C97F42 /* Default@2x.png */; };
		2350D18B16EA997600C97F42 /* Default-568h@2x.png in Resources */ = {isa = PBXBuildFile; fileRef = 2350D18A16EA997600C97F42 /* Default-568h@2x.png */; };
		2350D19716EA99BF00C97F42 /* libPayPalMobile.a in Frameworks */ = {isa = PBXBuildFile; fileRef = 2350D19316EA99BF00C97F42 /* libPayPalMobile.a */; };
		2350D19B16EA9A4400C97F42 /* PBMainViewController.m in Sources */ = {isa = PBXBuildFile; fileRef = 2350D19916EA9A4400C97F42 /* PBMainViewController.m */; };
		2350D19C16EA9A4400C97F42 /* PBMainViewController.xib in Resources */ = {isa = PBXBuildFile; fileRef = 2350D19A16EA9A4400C97F42 /* PBMainViewController.xib */; };
/* End PBXBuildFile section */

/* Begin PBXFileReference section */
		2338D0BE16EB3DEE00CAC20E /* AVFoundation.framework */ = {isa = PBXFileReference; lastKnownFileType = wrapper.framework; name = AVFoundation.framework; path = System/Library/Frameworks/AVFoundation.framework; sourceTree = SDKROOT; };
		2338D0C016EB3DF600CAC20E /* AudioToolbox.framework */ = {isa = PBXFileReference; lastKnownFileType = wrapper.framework; name = AudioToolbox.framework; path = System/Library/Frameworks/AudioToolbox.framework; sourceTree = SDKROOT; };
		2338D0C216EB3DFD00CAC20E /* CoreMedia.framework */ = {isa = PBXFileReference; lastKnownFileType = wrapper.framework; name = CoreMedia.framework; path = System/Library/Frameworks/CoreMedia.framework; sourceTree = SDKROOT; };
		2338D0C416EB3E0300CAC20E /* CoreVideo.framework */ = {isa = PBXFileReference; lastKnownFileType = wrapper.framework; name = CoreVideo.framework; path = System/Library/Frameworks/CoreVideo.framework; sourceTree = SDKROOT; };
		2338D0C616EB3E0B00CAC20E /* libxml2.dylib */ = {isa = PBXFileReference; lastKnownFileType = "compiled.mach-o.dylib"; name = libxml2.dylib; path = usr/lib/libxml2.dylib; sourceTree = SDKROOT; };
		2338D0C816EB3E1200CAC20E /* MessageUI.framework */ = {isa = PBXFileReference; lastKnownFileType = wrapper.framework; name = MessageUI.framework; path = System/Library/Frameworks/MessageUI.framework; sourceTree = SDKROOT; };
		2338D0CA16EB3E1B00CAC20E /* MobileCoreServices.framework */ = {isa = PBXFileReference; lastKnownFileType = wrapper.framework; name = MobileCoreServices.framework; path = System/Library/Frameworks/MobileCoreServices.framework; sourceTree = SDKROOT; };
		2338D0CC16EB3E2400CAC20E /* OpenGLES.framework */ = {isa = PBXFileReference; lastKnownFileType = wrapper.framework; name = OpenGLES.framework; path = System/Library/Frameworks/OpenGLES.framework; sourceTree = SDKROOT; };
		2338D0CE16EB3E2C00CAC20E /* QuartzCore.framework */ = {isa = PBXFileReference; lastKnownFileType = wrapper.framework; name = QuartzCore.framework; path = System/Library/Frameworks/QuartzCore.framework; sourceTree = SDKROOT; };
		2338D0D016EB3E3200CAC20E /* Security.framework */ = {isa = PBXFileReference; lastKnownFileType = wrapper.framework; name = Security.framework; path = System/Library/Frameworks/Security.framework; sourceTree = SDKROOT; };
		2338D0D516EB4CDB00CAC20E /* PBPayPalViewController.h */ = {isa = PBXFileReference; fileEncoding = 4; lastKnownFileType = sourcecode.c.h; name = PBPayPalViewController.h; path = PayPalWrapper/PBPayPalViewController.h; sourceTree = SOURCE_ROOT; };
		2338D0D616EB4CDB00CAC20E /* PBPayPalViewController.m */ = {isa = PBXFileReference; fileEncoding = 4; lastKnownFileType = sourcecode.c.objc; name = PBPayPalViewController.m; path = PayPalWrapper/PBPayPalViewController.m; sourceTree = SOURCE_ROOT; };
		2350D17116EA997600C97F42 /* PayPalWrapper.app */ = {isa = PBXFileReference; explicitFileType = wrapper.application; includeInIndex = 0; path = PayPalWrapper.app; sourceTree = BUILT_PRODUCTS_DIR; };
		2350D17416EA997600C97F42 /* UIKit.framework */ = {isa = PBXFileReference; lastKnownFileType = wrapper.framework; name = UIKit.framework; path = System/Library/Frameworks/UIKit.framework; sourceTree = SDKROOT; };
		2350D17616EA997600C97F42 /* Foundation.framework */ = {isa = PBXFileReference; lastKnownFileType = wrapper.framework; name = Foundation.framework; path = System/Library/Frameworks/Foundation.framework; sourceTree = SDKROOT; };
		2350D17816EA997600C97F42 /* CoreGraphics.framework */ = {isa = PBXFileReference; lastKnownFileType = wrapper.framework; name = CoreGraphics.framework; path = System/Library/Frameworks/CoreGraphics.framework; sourceTree = SDKROOT; };
		2350D17C16EA997600C97F42 /* PayPalWrapper-Info.plist */ = {isa = PBXFileReference; lastKnownFileType = text.plist.xml; path = "PayPalWrapper-Info.plist"; sourceTree = "<group>"; };
		2350D17E16EA997600C97F42 /* en */ = {isa = PBXFileReference; lastKnownFileType = text.plist.strings; name = en; path = en.lproj/InfoPlist.strings; sourceTree = "<group>"; };
		2350D18016EA997600C97F42 /* main.m */ = {isa = PBXFileReference; lastKnownFileType = sourcecode.c.objc; path = main.m; sourceTree = "<group>"; };
		2350D18216EA997600C97F42 /* PayPalWrapper-Prefix.pch */ = {isa = PBXFileReference; lastKnownFileType = sourcecode.c.h; path = "PayPalWrapper-Prefix.pch"; sourceTree = "<group>"; };
		2350D18316EA997600C97F42 /* PBAppDelegate.h */ = {isa = PBXFileReference; lastKnownFileType = sourcecode.c.h; path = PBAppDelegate.h; sourceTree = "<group>"; };
		2350D18416EA997600C97F42 /* PBAppDelegate.m */ = {isa = PBXFileReference; lastKnownFileType = sourcecode.c.objc; path = PBAppDelegate.m; sourceTree = "<group>"; };
		2350D18616EA997600C97F42 /* Default.png */ = {isa = PBXFileReference; lastKnownFileType = image.png; path = Default.png; sourceTree = "<group>"; };
		2350D18816EA997600C97F42 /* Default@2x.png */ = {isa = PBXFileReference; lastKnownFileType = image.png; path = "Default@2x.png"; sourceTree = "<group>"; };
		2350D18A16EA997600C97F42 /* Default-568h@2x.png */ = {isa = PBXFileReference; lastKnownFileType = image.png; path = "Default-568h@2x.png"; sourceTree = "<group>"; };
		2350D19316EA99BF00C97F42 /* libPayPalMobile.a */ = {isa = PBXFileReference; lastKnownFileType = archive.ar; path = libPayPalMobile.a; sourceTree = "<group>"; };
		2350D19416EA99BF00C97F42 /* PayPalMobile.h */ = {isa = PBXFileReference; fileEncoding = 4; lastKnownFileType = sourcecode.c.h; path = PayPalMobile.h; sourceTree = "<group>"; };
		2350D19516EA99BF00C97F42 /* PayPalPayment.h */ = {isa = PBXFileReference; fileEncoding = 4; lastKnownFileType = sourcecode.c.h; path = PayPalPayment.h; sourceTree = "<group>"; };
		2350D19616EA99BF00C97F42 /* PayPalPaymentViewController.h */ = {isa = PBXFileReference; fileEncoding = 4; lastKnownFileType = sourcecode.c.h; path = PayPalPaymentViewController.h; sourceTree = "<group>"; };
		2350D19816EA9A4400C97F42 /* PBMainViewController.h */ = {isa = PBXFileReference; fileEncoding = 4; lastKnownFileType = sourcecode.c.h; name = PBMainViewController.h; path = Views/PBMainViewController.h; sourceTree = "<group>"; };
		2350D19916EA9A4400C97F42 /* PBMainViewController.m */ = {isa = PBXFileReference; fileEncoding = 4; lastKnownFileType = sourcecode.c.objc; name = PBMainViewController.m; path = Views/PBMainViewController.m; sourceTree = "<group>"; };
		2350D19A16EA9A4400C97F42 /* PBMainViewController.xib */ = {isa = PBXFileReference; fileEncoding = 4; lastKnownFileType = file.xib; name = PBMainViewController.xib; path = Views/PBMainViewController.xib; sourceTree = "<group>"; };
/* End PBXFileReference section */

/* Begin PBXFrameworksBuildPhase section */
		2350D16E16EA997500C97F42 /* Frameworks */ = {
			isa = PBXFrameworksBuildPhase;
			buildActionMask = 2147483647;
			files = (
				2338D0D116EB3E3200CAC20E /* Security.framework in Frameworks */,
				2338D0CF16EB3E2C00CAC20E /* QuartzCore.framework in Frameworks */,
				2338D0CD16EB3E2400CAC20E /* OpenGLES.framework in Frameworks */,
				2338D0CB16EB3E1B00CAC20E /* MobileCoreServices.framework in Frameworks */,
				2338D0C916EB3E1200CAC20E /* MessageUI.framework in Frameworks */,
				2338D0C716EB3E0B00CAC20E /* libxml2.dylib in Frameworks */,
				2338D0C516EB3E0300CAC20E /* CoreVideo.framework in Frameworks */,
				2338D0C316EB3DFD00CAC20E /* CoreMedia.framework in Frameworks */,
				2338D0C116EB3DF600CAC20E /* AudioToolbox.framework in Frameworks */,
				2338D0BF16EB3DEE00CAC20E /* AVFoundation.framework in Frameworks */,
				2350D17516EA997600C97F42 /* UIKit.framework in Frameworks */,
				2350D17716EA997600C97F42 /* Foundation.framework in Frameworks */,
				2350D17916EA997600C97F42 /* CoreGraphics.framework in Frameworks */,
				2350D19716EA99BF00C97F42 /* libPayPalMobile.a in Frameworks */,
			);
			runOnlyForDeploymentPostprocessing = 0;
		};
/* End PBXFrameworksBuildPhase section */

/* Begin PBXGroup section */
		2350D16816EA997500C97F42 = {
			isa = PBXGroup;
			children = (
				2350D17A16EA997600C97F42 /* PayPalWrapper */,
				2350D17316EA997600C97F42 /* Frameworks */,
				2350D17216EA997600C97F42 /* Products */,
			);
			sourceTree = "<group>";
		};
		2350D17216EA997600C97F42 /* Products */ = {
			isa = PBXGroup;
			children = (
				2350D17116EA997600C97F42 /* PayPalWrapper.app */,
			);
			name = Products;
			sourceTree = "<group>";
		};
		2350D17316EA997600C97F42 /* Frameworks */ = {
			isa = PBXGroup;
			children = (
				2338D0D016EB3E3200CAC20E /* Security.framework */,
				2338D0CE16EB3E2C00CAC20E /* QuartzCore.framework */,
				2338D0CC16EB3E2400CAC20E /* OpenGLES.framework */,
				2338D0CA16EB3E1B00CAC20E /* MobileCoreServices.framework */,
				2338D0C816EB3E1200CAC20E /* MessageUI.framework */,
				2338D0C616EB3E0B00CAC20E /* libxml2.dylib */,
				2338D0C416EB3E0300CAC20E /* CoreVideo.framework */,
				2338D0C216EB3DFD00CAC20E /* CoreMedia.framework */,
				2338D0C016EB3DF600CAC20E /* AudioToolbox.framework */,
				2338D0BE16EB3DEE00CAC20E /* AVFoundation.framework */,
				2350D17416EA997600C97F42 /* UIKit.framework */,
				2350D17616EA997600C97F42 /* Foundation.framework */,
				2350D17816EA997600C97F42 /* CoreGraphics.framework */,
			);
			name = Frameworks;
			sourceTree = "<group>";
		};
		2350D17A16EA997600C97F42 /* PayPalWrapper */ = {
			isa = PBXGroup;
			children = (
				2350D18316EA997600C97F42 /* PBAppDelegate.h */,
				2350D18416EA997600C97F42 /* PBAppDelegate.m */,
				2350D19816EA9A4400C97F42 /* PBMainViewController.h */,
				2350D19916EA9A4400C97F42 /* PBMainViewController.m */,
				2350D19A16EA9A4400C97F42 /* PBMainViewController.xib */,
				2338D0D516EB4CDB00CAC20E /* PBPayPalViewController.h */,
				2338D0D616EB4CDB00CAC20E /* PBPayPalViewController.m */,
				2350D17B16EA997600C97F42 /* Supporting Files */,
			);
			path = PayPalWrapper;
			sourceTree = "<group>";
		};
		2350D17B16EA997600C97F42 /* Supporting Files */ = {
			isa = PBXGroup;
			children = (
				2350D19116EA99BF00C97F42 /* Vendor */,
				2350D17C16EA997600C97F42 /* PayPalWrapper-Info.plist */,
				2350D17D16EA997600C97F42 /* InfoPlist.strings */,
				2350D18016EA997600C97F42 /* main.m */,
				2350D18216EA997600C97F42 /* PayPalWrapper-Prefix.pch */,
				2350D18616EA997600C97F42 /* Default.png */,
				2350D18816EA997600C97F42 /* Default@2x.png */,
				2350D18A16EA997600C97F42 /* Default-568h@2x.png */,
			);
			name = "Supporting Files";
			sourceTree = "<group>";
		};
		2350D19116EA99BF00C97F42 /* Vendor */ = {
			isa = PBXGroup;
			children = (
				2350D19216EA99BF00C97F42 /* PayPalMobile */,
			);
			path = Vendor;
			sourceTree = "<group>";
		};
		2350D19216EA99BF00C97F42 /* PayPalMobile */ = {
			isa = PBXGroup;
			children = (
				2350D19316EA99BF00C97F42 /* libPayPalMobile.a */,
				2350D19416EA99BF00C97F42 /* PayPalMobile.h */,
				2350D19516EA99BF00C97F42 /* PayPalPayment.h */,
				2350D19616EA99BF00C97F42 /* PayPalPaymentViewController.h */,
			);
			path = PayPalMobile;
			sourceTree = "<group>";
		};
/* End PBXGroup section */

/* Begin PBXNativeTarget section */
		2350D17016EA997500C97F42 /* PayPalWrapper */ = {
			isa = PBXNativeTarget;
			buildConfigurationList = 2350D18E16EA997600C97F42 /* Build configuration list for PBXNativeTarget "PayPalWrapper" */;
			buildPhases = (
				2350D16D16EA997500C97F42 /* Sources */,
				2350D16E16EA997500C97F42 /* Frameworks */,
				2350D16F16EA997500C97F42 /* Resources */,
			);
			buildRules = (
			);
			dependencies = (
			);
			name = PayPalWrapper;
			productName = PayPalWrapper;
			productReference = 2350D17116EA997600C97F42 /* PayPalWrapper.app */;
			productType = "com.apple.product-type.application";
		};
/* End PBXNativeTarget section */

/* Begin PBXProject section */
		2350D16916EA997500C97F42 /* Project object */ = {
			isa = PBXProject;
			attributes = {
				CLASSPREFIX = PB;
				LastUpgradeCheck = 0460;
				ORGANIZATIONNAME = "Piet Brauer";
			};
			buildConfigurationList = 2350D16C16EA997500C97F42 /* Build configuration list for PBXProject "PayPalWrapper" */;
			compatibilityVersion = "Xcode 3.2";
			developmentRegion = English;
			hasScannedForEncodings = 0;
			knownRegions = (
				en,
			);
			mainGroup = 2350D16816EA997500C97F42;
			productRefGroup = 2350D17216EA997600C97F42 /* Products */;
			projectDirPath = "";
			projectRoot = "";
			targets = (
				2350D17016EA997500C97F42 /* PayPalWrapper */,
			);
		};
/* End PBXProject section */

/* Begin PBXResourcesBuildPhase section */
		2350D16F16EA997500C97F42 /* Resources */ = {
			isa = PBXResourcesBuildPhase;
			buildActionMask = 2147483647;
			files = (
				2350D17F16EA997600C97F42 /* InfoPlist.strings in Resources */,
				2350D18716EA997600C97F42 /* Default.png in Resources */,
				2350D18916EA997600C97F42 /* Default@2x.png in Resources */,
				2350D18B16EA997600C97F42 /* Default-568h@2x.png in Resources */,
				2350D19C16EA9A4400C97F42 /* PBMainViewController.xib in Resources */,
			);
			runOnlyForDeploymentPostprocessing = 0;
		};
/* End PBXResourcesBuildPhase section */

/* Begin PBXSourcesBuildPhase section */
		2350D16D16EA997500C97F42 /* Sources */ = {
			isa = PBXSourcesBuildPhase;
			buildActionMask = 2147483647;
			files = (
				2350D18116EA997600C97F42 /* main.m in Sources */,
				2350D18516EA997600C97F42 /* PBAppDelegate.m in Sources */,
				2350D19B16EA9A4400C97F42 /* PBMainViewController.m in Sources */,
				2338D0D716EB4CDB00CAC20E /* PBPayPalViewController.m in Sources */,
			);
			runOnlyForDeploymentPostprocessing = 0;
		};
/* End PBXSourcesBuildPhase section */

/* Begin PBXVariantGroup section */
		2350D17D16EA997600C97F42 /* InfoPlist.strings */ = {
			isa = PBXVariantGroup;
			children = (
				2350D17E16EA997600C97F42 /* en */,
			);
			name = InfoPlist.strings;
			sourceTree = "<group>";
		};
/* End PBXVariantGroup section */

/* Begin XCBuildConfiguration section */
		2350D18C16EA997600C97F42 /* Debug */ = {
			isa = XCBuildConfiguration;
			buildSettings = {
				ALWAYS_SEARCH_USER_PATHS = NO;
				CLANG_CXX_LANGUAGE_STANDARD = "gnu++0x";
				CLANG_CXX_LIBRARY = "libc++";
				CLANG_WARN_CONSTANT_CONVERSION = YES;
				CLANG_WARN_EMPTY_BODY = YES;
				CLANG_WARN_ENUM_CONVERSION = YES;
				CLANG_WARN_INT_CONVERSION = YES;
				CLANG_WARN__DUPLICATE_METHOD_MATCH = YES;
				"CODE_SIGN_IDENTITY[sdk=iphoneos*]" = "iPhone Developer";
				COPY_PHASE_STRIP = NO;
				GCC_C_LANGUAGE_STANDARD = gnu99;
				GCC_DYNAMIC_NO_PIC = NO;
				GCC_OPTIMIZATION_LEVEL = 0;
				GCC_PREPROCESSOR_DEFINITIONS = (
					"DEBUG=1",
					"$(inherited)",
				);
				GCC_SYMBOLS_PRIVATE_EXTERN = NO;
				GCC_WARN_ABOUT_RETURN_TYPE = YES;
				GCC_WARN_UNINITIALIZED_AUTOS = YES;
				GCC_WARN_UNUSED_VARIABLE = YES;
				IPHONEOS_DEPLOYMENT_TARGET = 6.1;
				ONLY_ACTIVE_ARCH = YES;
				SDKROOT = iphoneos;
			};
			name = Debug;
		};
		2350D18D16EA997600C97F42 /* Release */ = {
			isa = XCBuildConfiguration;
			buildSettings = {
				ALWAYS_SEARCH_USER_PATHS = NO;
				CLANG_CXX_LANGUAGE_STANDARD = "gnu++0x";
				CLANG_CXX_LIBRARY = "libc++";
				CLANG_WARN_CONSTANT_CONVERSION = YES;
				CLANG_WARN_EMPTY_BODY = YES;
				CLANG_WARN_ENUM_CONVERSION = YES;
				CLANG_WARN_INT_CONVERSION = YES;
				CLANG_WARN__DUPLICATE_METHOD_MATCH = YES;
				"CODE_SIGN_IDENTITY[sdk=iphoneos*]" = "iPhone Developer";
				COPY_PHASE_STRIP = YES;
				GCC_C_LANGUAGE_STANDARD = gnu99;
				GCC_WARN_ABOUT_RETURN_TYPE = YES;
				GCC_WARN_UNINITIALIZED_AUTOS = YES;
				GCC_WARN_UNUSED_VARIABLE = YES;
				IPHONEOS_DEPLOYMENT_TARGET = 6.1;
				OTHER_CFLAGS = "-DNS_BLOCK_ASSERTIONS=1";
				SDKROOT = iphoneos;
				VALIDATE_PRODUCT = YES;
			};
			name = Release;
		};
		2350D18F16EA997600C97F42 /* Debug */ = {
			isa = XCBuildConfiguration;
			buildSettings = {
				GCC_PRECOMPILE_PREFIX_HEADER = YES;
				GCC_PREFIX_HEADER = "PayPalWrapper/PayPalWrapper-Prefix.pch";
				INFOPLIST_FILE = "PayPalWrapper/PayPalWrapper-Info.plist";
				LIBRARY_SEARCH_PATHS = (
					"$(inherited)",
					"\"$(SRCROOT)/PayPalWrapper/Vendor/PayPalMobile\"",
				);
				OTHER_LDFLAGS = (
					"-lstdc++",
					"-ObjC",
				);
				PRODUCT_NAME = "$(TARGET_NAME)";
				WRAPPER_EXTENSION = app;
			};
			name = Debug;
		};
		2350D19016EA997600C97F42 /* Release */ = {
			isa = XCBuildConfiguration;
			buildSettings = {
				GCC_PRECOMPILE_PREFIX_HEADER = YES;
				GCC_PREFIX_HEADER = "PayPalWrapper/PayPalWrapper-Prefix.pch";
				INFOPLIST_FILE = "PayPalWrapper/PayPalWrapper-Info.plist";
				LIBRARY_SEARCH_PATHS = (
					"$(inherited)",
					"\"$(SRCROOT)/PayPalWrapper/Vendor/PayPalMobile\"",
				);
				OTHER_LDFLAGS = (
					"-lstdc++",
					"-ObjC",
				);
				PRODUCT_NAME = "$(TARGET_NAME)";
				WRAPPER_EXTENSION = app;
			};
			name = Release;
		};
/* End XCBuildConfiguration section */

/* Begin XCConfigurationList section */
		2350D16C16EA997500C97F42 /* Build configuration list for PBXProject "PayPalWrapper" */ = {
			isa = XCConfigurationList;
			buildConfigurations = (
				2350D18C16EA997600C97F42 /* Debug */,
				2350D18D16EA997600C97F42 /* Release */,
			);
			defaultConfigurationIsVisible = 0;
			defaultConfigurationName = Release;
		};
		2350D18E16EA997600C97F42 /* Build configuration list for PBXNativeTarget "PayPalWrapper" */ = {
			isa = XCConfigurationList;
			buildConfigurations = (
				2350D18F16EA997600C97F42 /* Debug */,
				2350D19016EA997600C97F42 /* Release */,
			);
			defaultConfigurationIsVisible = 0;
			defaultConfigurationName = Release;
		};
/* End XCConfigurationList section */
	};
	rootObject = 2350D16916EA997500C97F42 /* Project object */;
}
